// !$*UTF8*$!
{
	archiveVersion = 1;
	classes = {
	};
	objectVersion = 51;
	objects = {

/* Begin PBXBuildFile section */
		875638D69AA9E8390493A9BF /* Pods_TopList.framework in Frameworks */ = {isa = PBXBuildFile; fileRef = A6EC04BD7CEE12D188DB5E9B /* Pods_TopList.framework */; };
		91663B0525354EE300B3ADD0 /* AppDelegate.swift in Sources */ = {isa = PBXBuildFile; fileRef = 91663B0425354EE300B3ADD0 /* AppDelegate.swift */; };
		91663B0725354EE300B3ADD0 /* SceneDelegate.swift in Sources */ = {isa = PBXBuildFile; fileRef = 91663B0625354EE300B3ADD0 /* SceneDelegate.swift */; };
		91663B0E25354EE500B3ADD0 /* Assets.xcassets in Resources */ = {isa = PBXBuildFile; fileRef = 91663B0D25354EE500B3ADD0 /* Assets.xcassets */; };
		91663B1125354EE500B3ADD0 /* LaunchScreen.storyboard in Resources */ = {isa = PBXBuildFile; fileRef = 91663B0F25354EE500B3ADD0 /* LaunchScreen.storyboard */; };
		91663B1C25354EE500B3ADD0 /* TopListTests.swift in Sources */ = {isa = PBXBuildFile; fileRef = 91663B1B25354EE500B3ADD0 /* TopListTests.swift */; };
		91663B272535512700B3ADD0 /* TypeSelectionViewController.swift in Sources */ = {isa = PBXBuildFile; fileRef = 91663B262535512700B3ADD0 /* TypeSelectionViewController.swift */; };
		91663B29253557E900B3ADD0 /* TypeSelectionViewModel.swift in Sources */ = {isa = PBXBuildFile; fileRef = 91663B28253557E900B3ADD0 /* TypeSelectionViewModel.swift */; };
		91E008FC2537F68100D1EDDD /* Manga.swift in Sources */ = {isa = PBXBuildFile; fileRef = 91E008FB2537F68100D1EDDD /* Manga.swift */; };
		91E008FE2537F6CC00D1EDDD /* MangaViewController.swift in Sources */ = {isa = PBXBuildFile; fileRef = 91E008FD2537F6CC00D1EDDD /* MangaViewController.swift */; };
		91E009002537F6E200D1EDDD /* MangaViewModel.swift in Sources */ = {isa = PBXBuildFile; fileRef = 91E008FF2537F6E200D1EDDD /* MangaViewModel.swift */; };
		91E009022537FA2100D1EDDD /* MangaTableViewCell.swift in Sources */ = {isa = PBXBuildFile; fileRef = 91E009012537FA2100D1EDDD /* MangaTableViewCell.swift */; };
		91E0090425381B3A00D1EDDD /* TestFile in Resources */ = {isa = PBXBuildFile; fileRef = 91E0090325381B3A00D1EDDD /* TestFile */; };
		91E0090625381B7200D1EDDD /* TopMangas.swift in Sources */ = {isa = PBXBuildFile; fileRef = 91E0090525381B7200D1EDDD /* TopMangas.swift */; };
		91E009072538257700D1EDDD /* TestFile in Resources */ = {isa = PBXBuildFile; fileRef = 91E0090325381B3A00D1EDDD /* TestFile */; };
/* End PBXBuildFile section */

/* Begin PBXContainerItemProxy section */
		91663B1825354EE500B3ADD0 /* PBXContainerItemProxy */ = {
			isa = PBXContainerItemProxy;
			containerPortal = 91663AF925354EE300B3ADD0 /* Project object */;
			proxyType = 1;
			remoteGlobalIDString = 91663B0025354EE300B3ADD0;
			remoteInfo = TopList;
		};
/* End PBXContainerItemProxy section */

/* Begin PBXFileReference section */
		0A0179F47D52FCCD80A6ECFC /* Pods-TopList.release.xcconfig */ = {isa = PBXFileReference; includeInIndex = 1; lastKnownFileType = text.xcconfig; name = "Pods-TopList.release.xcconfig"; path = "Target Support Files/Pods-TopList/Pods-TopList.release.xcconfig"; sourceTree = "<group>"; };
		91663B0125354EE300B3ADD0 /* TopList.app */ = {isa = PBXFileReference; explicitFileType = wrapper.application; includeInIndex = 0; path = TopList.app; sourceTree = BUILT_PRODUCTS_DIR; };
		91663B0425354EE300B3ADD0 /* AppDelegate.swift */ = {isa = PBXFileReference; lastKnownFileType = sourcecode.swift; path = AppDelegate.swift; sourceTree = "<group>"; };
		91663B0625354EE300B3ADD0 /* SceneDelegate.swift */ = {isa = PBXFileReference; lastKnownFileType = sourcecode.swift; path = SceneDelegate.swift; sourceTree = "<group>"; };
		91663B0D25354EE500B3ADD0 /* Assets.xcassets */ = {isa = PBXFileReference; lastKnownFileType = folder.assetcatalog; path = Assets.xcassets; sourceTree = "<group>"; };
		91663B1025354EE500B3ADD0 /* Base */ = {isa = PBXFileReference; lastKnownFileType = file.storyboard; name = Base; path = Base.lproj/LaunchScreen.storyboard; sourceTree = "<group>"; };
		91663B1225354EE500B3ADD0 /* Info.plist */ = {isa = PBXFileReference; lastKnownFileType = text.plist.xml; path = Info.plist; sourceTree = "<group>"; };
		91663B1725354EE500B3ADD0 /* TopListTests.xctest */ = {isa = PBXFileReference; explicitFileType = wrapper.cfbundle; includeInIndex = 0; path = TopListTests.xctest; sourceTree = BUILT_PRODUCTS_DIR; };
		91663B1B25354EE500B3ADD0 /* TopListTests.swift */ = {isa = PBXFileReference; lastKnownFileType = sourcecode.swift; path = TopListTests.swift; sourceTree = "<group>"; };
		91663B1D25354EE500B3ADD0 /* Info.plist */ = {isa = PBXFileReference; lastKnownFileType = text.plist.xml; path = Info.plist; sourceTree = "<group>"; };
		91663B262535512700B3ADD0 /* TypeSelectionViewController.swift */ = {isa = PBXFileReference; lastKnownFileType = sourcecode.swift; path = TypeSelectionViewController.swift; sourceTree = "<group>"; };
		91663B28253557E900B3ADD0 /* TypeSelectionViewModel.swift */ = {isa = PBXFileReference; lastKnownFileType = sourcecode.swift; path = TypeSelectionViewModel.swift; sourceTree = "<group>"; };
		91E008FB2537F68100D1EDDD /* Manga.swift */ = {isa = PBXFileReference; lastKnownFileType = sourcecode.swift; path = Manga.swift; sourceTree = "<group>"; };
		91E008FD2537F6CC00D1EDDD /* MangaViewController.swift */ = {isa = PBXFileReference; lastKnownFileType = sourcecode.swift; path = MangaViewController.swift; sourceTree = "<group>"; };
		91E008FF2537F6E200D1EDDD /* MangaViewModel.swift */ = {isa = PBXFileReference; lastKnownFileType = sourcecode.swift; path = MangaViewModel.swift; sourceTree = "<group>"; };
		91E009012537FA2100D1EDDD /* MangaTableViewCell.swift */ = {isa = PBXFileReference; lastKnownFileType = sourcecode.swift; path = MangaTableViewCell.swift; sourceTree = "<group>"; };
		91E0090325381B3A00D1EDDD /* TestFile */ = {isa = PBXFileReference; fileEncoding = 4; lastKnownFileType = text; path = TestFile; sourceTree = "<group>"; };
		91E0090525381B7200D1EDDD /* TopMangas.swift */ = {isa = PBXFileReference; fileEncoding = 4; lastKnownFileType = sourcecode.swift; path = TopMangas.swift; sourceTree = "<group>"; };
		A6EC04BD7CEE12D188DB5E9B /* Pods_TopList.framework */ = {isa = PBXFileReference; explicitFileType = wrapper.framework; includeInIndex = 0; path = Pods_TopList.framework; sourceTree = BUILT_PRODUCTS_DIR; };
		FA992921000F8FDEDA118D8C /* Pods-TopList.debug.xcconfig */ = {isa = PBXFileReference; includeInIndex = 1; lastKnownFileType = text.xcconfig; name = "Pods-TopList.debug.xcconfig"; path = "Target Support Files/Pods-TopList/Pods-TopList.debug.xcconfig"; sourceTree = "<group>"; };
/* End PBXFileReference section */

/* Begin PBXFrameworksBuildPhase section */
		91663AFE25354EE300B3ADD0 /* Frameworks */ = {
			isa = PBXFrameworksBuildPhase;
			buildActionMask = 2147483647;
			files = (
				875638D69AA9E8390493A9BF /* Pods_TopList.framework in Frameworks */,
			);
			runOnlyForDeploymentPostprocessing = 0;
		};
		91663B1425354EE500B3ADD0 /* Frameworks */ = {
			isa = PBXFrameworksBuildPhase;
			buildActionMask = 2147483647;
			files = (
			);
			runOnlyForDeploymentPostprocessing = 0;
		};
/* End PBXFrameworksBuildPhase section */

/* Begin PBXGroup section */
		66CD01830BE3269865F876A9 /* Pods */ = {
			isa = PBXGroup;
			children = (
				FA992921000F8FDEDA118D8C /* Pods-TopList.debug.xcconfig */,
				0A0179F47D52FCCD80A6ECFC /* Pods-TopList.release.xcconfig */,
			);
			path = Pods;
			sourceTree = "<group>";
		};
		91663AF825354EE300B3ADD0 = {
			isa = PBXGroup;
			children = (
				91663B0325354EE300B3ADD0 /* TopList */,
				91663B1A25354EE500B3ADD0 /* TopListTests */,
				91663B0225354EE300B3ADD0 /* Products */,
				66CD01830BE3269865F876A9 /* Pods */,
				E1B1749396944073EF04641E /* Frameworks */,
			);
			sourceTree = "<group>";
		};
		91663B0225354EE300B3ADD0 /* Products */ = {
			isa = PBXGroup;
			children = (
				91663B0125354EE300B3ADD0 /* TopList.app */,
				91663B1725354EE500B3ADD0 /* TopListTests.xctest */,
			);
			name = Products;
			sourceTree = "<group>";
		};
		91663B0325354EE300B3ADD0 /* TopList */ = {
			isa = PBXGroup;
			children = (
				91663B0425354EE300B3ADD0 /* AppDelegate.swift */,
				91663B0625354EE300B3ADD0 /* SceneDelegate.swift */,
				91663B262535512700B3ADD0 /* TypeSelectionViewController.swift */,
				91663B28253557E900B3ADD0 /* TypeSelectionViewModel.swift */,
				91E008FB2537F68100D1EDDD /* Manga.swift */,
				91E0090525381B7200D1EDDD /* TopMangas.swift */,
				91E008FD2537F6CC00D1EDDD /* MangaViewController.swift */,
				91E008FF2537F6E200D1EDDD /* MangaViewModel.swift */,
				91E009012537FA2100D1EDDD /* MangaTableViewCell.swift */,
				91663B0D25354EE500B3ADD0 /* Assets.xcassets */,
				91663B0F25354EE500B3ADD0 /* LaunchScreen.storyboard */,
				91663B1225354EE500B3ADD0 /* Info.plist */,
			);
			path = TopList;
			sourceTree = "<group>";
		};
		91663B1A25354EE500B3ADD0 /* TopListTests */ = {
			isa = PBXGroup;
			children = (
				91663B1B25354EE500B3ADD0 /* TopListTests.swift */,
				91E0090325381B3A00D1EDDD /* TestFile */,
				91663B1D25354EE500B3ADD0 /* Info.plist */,
			);
			path = TopListTests;
			sourceTree = "<group>";
		};
		E1B1749396944073EF04641E /* Frameworks */ = {
			isa = PBXGroup;
			children = (
				A6EC04BD7CEE12D188DB5E9B /* Pods_TopList.framework */,
			);
			name = Frameworks;
			sourceTree = "<group>";
		};
/* End PBXGroup section */

/* Begin PBXNativeTarget section */
		91663B0025354EE300B3ADD0 /* TopList */ = {
			isa = PBXNativeTarget;
			buildConfigurationList = 91663B2025354EE500B3ADD0 /* Build configuration list for PBXNativeTarget "TopList" */;
			buildPhases = (
				9ED0591C81520F3603CE7230 /* [CP] Check Pods Manifest.lock */,
				91663AFD25354EE300B3ADD0 /* Sources */,
				91663AFE25354EE300B3ADD0 /* Frameworks */,
				91663AFF25354EE300B3ADD0 /* Resources */,
				05648A6B08FF354F2EA397EA /* [CP] Embed Pods Frameworks */,
			);
			buildRules = (
			);
			dependencies = (
			);
			name = TopList;
			productName = TopList;
			productReference = 91663B0125354EE300B3ADD0 /* TopList.app */;
			productType = "com.apple.product-type.application";
		};
		91663B1625354EE500B3ADD0 /* TopListTests */ = {
			isa = PBXNativeTarget;
			buildConfigurationList = 91663B2325354EE500B3ADD0 /* Build configuration list for PBXNativeTarget "TopListTests" */;
			buildPhases = (
				91663B1325354EE500B3ADD0 /* Sources */,
				91663B1425354EE500B3ADD0 /* Frameworks */,
				91663B1525354EE500B3ADD0 /* Resources */,
			);
			buildRules = (
			);
			dependencies = (
				91663B1925354EE500B3ADD0 /* PBXTargetDependency */,
			);
			name = TopListTests;
			productName = TopListTests;
			productReference = 91663B1725354EE500B3ADD0 /* TopListTests.xctest */;
			productType = "com.apple.product-type.bundle.unit-test";
		};
/* End PBXNativeTarget section */

/* Begin PBXProject section */
		91663AF925354EE300B3ADD0 /* Project object */ = {
			isa = PBXProject;
			attributes = {
				LastSwiftUpdateCheck = 1150;
				LastUpgradeCheck = 1150;
				ORGANIZATIONNAME = "Derek Tseng";
				TargetAttributes = {
					91663B0025354EE300B3ADD0 = {
						CreatedOnToolsVersion = 11.5;
					};
					91663B1625354EE500B3ADD0 = {
						CreatedOnToolsVersion = 11.5;
						TestTargetID = 91663B0025354EE300B3ADD0;
					};
				};
			};
			buildConfigurationList = 91663AFC25354EE300B3ADD0 /* Build configuration list for PBXProject "TopList" */;
			compatibilityVersion = "Xcode 9.3";
			developmentRegion = en;
			hasScannedForEncodings = 0;
			knownRegions = (
				en,
				Base,
			);
			mainGroup = 91663AF825354EE300B3ADD0;
			productRefGroup = 91663B0225354EE300B3ADD0 /* Products */;
			projectDirPath = "";
			projectRoot = "";
			targets = (
				91663B0025354EE300B3ADD0 /* TopList */,
				91663B1625354EE500B3ADD0 /* TopListTests */,
			);
		};
/* End PBXProject section */

/* Begin PBXResourcesBuildPhase section */
		91663AFF25354EE300B3ADD0 /* Resources */ = {
			isa = PBXResourcesBuildPhase;
			buildActionMask = 2147483647;
			files = (
				91663B1125354EE500B3ADD0 /* LaunchScreen.storyboard in Resources */,
				91E009072538257700D1EDDD /* TestFile in Resources */,
				91663B0E25354EE500B3ADD0 /* Assets.xcassets in Resources */,
			);
			runOnlyForDeploymentPostprocessing = 0;
		};
		91663B1525354EE500B3ADD0 /* Resources */ = {
			isa = PBXResourcesBuildPhase;
			buildActionMask = 2147483647;
			files = (
				91E0090425381B3A00D1EDDD /* TestFile in Resources */,
			);
			runOnlyForDeploymentPostprocessing = 0;
		};
/* End PBXResourcesBuildPhase section */

/* Begin PBXShellScriptBuildPhase section */
		05648A6B08FF354F2EA397EA /* [CP] Embed Pods Frameworks */ = {
			isa = PBXShellScriptBuildPhase;
			buildActionMask = 2147483647;
			files = (
			);
			inputFileListPaths = (
				"${PODS_ROOT}/Target Support Files/Pods-TopList/Pods-TopList-frameworks-${CONFIGURATION}-input-files.xcfilelist",
			);
			name = "[CP] Embed Pods Frameworks";
			outputFileListPaths = (
				"${PODS_ROOT}/Target Support Files/Pods-TopList/Pods-TopList-frameworks-${CONFIGURATION}-output-files.xcfilelist",
			);
			runOnlyForDeploymentPostprocessing = 0;
			shellPath = /bin/sh;
			shellScript = "\"${PODS_ROOT}/Target Support Files/Pods-TopList/Pods-TopList-frameworks.sh\"\n";
			showEnvVarsInLog = 0;
		};
		9ED0591C81520F3603CE7230 /* [CP] Check Pods Manifest.lock */ = {
			isa = PBXShellScriptBuildPhase;
			buildActionMask = 2147483647;
			files = (
			);
			inputFileListPaths = (
			);
			inputPaths = (
				"${PODS_PODFILE_DIR_PATH}/Podfile.lock",
				"${PODS_ROOT}/Manifest.lock",
			);
			name = "[CP] Check Pods Manifest.lock";
			outputFileListPaths = (
			);
			outputPaths = (
				"$(DERIVED_FILE_DIR)/Pods-TopList-checkManifestLockResult.txt",
			);
			runOnlyForDeploymentPostprocessing = 0;
			shellPath = /bin/sh;
			shellScript = "diff \"${PODS_PODFILE_DIR_PATH}/Podfile.lock\" \"${PODS_ROOT}/Manifest.lock\" > /dev/null\nif [ $? != 0 ] ; then\n    # print error to STDERR\n    echo \"error: The sandbox is not in sync with the Podfile.lock. Run 'pod install' or update your CocoaPods installation.\" >&2\n    exit 1\nfi\n# This output is used by Xcode 'outputs' to avoid re-running this script phase.\necho \"SUCCESS\" > \"${SCRIPT_OUTPUT_FILE_0}\"\n";
			showEnvVarsInLog = 0;
		};
/* End PBXShellScriptBuildPhase section */

/* Begin PBXSourcesBuildPhase section */
		91663AFD25354EE300B3ADD0 /* Sources */ = {
			isa = PBXSourcesBuildPhase;
			buildActionMask = 2147483647;
			files = (
				91663B0525354EE300B3ADD0 /* AppDelegate.swift in Sources */,
				91E0090625381B7200D1EDDD /* TopMangas.swift in Sources */,
				91E008FE2537F6CC00D1EDDD /* MangaViewController.swift in Sources */,
				91E009022537FA2100D1EDDD /* MangaTableViewCell.swift in Sources */,
				91663B272535512700B3ADD0 /* TypeSelectionViewController.swift in Sources */,
				91E008FC2537F68100D1EDDD /* Manga.swift in Sources */,
				91663B0725354EE300B3ADD0 /* SceneDelegate.swift in Sources */,
				91663B29253557E900B3ADD0 /* TypeSelectionViewModel.swift in Sources */,
				91E009002537F6E200D1EDDD /* MangaViewModel.swift in Sources */,
			);
			runOnlyForDeploymentPostprocessing = 0;
		};
		91663B1325354EE500B3ADD0 /* Sources */ = {
			isa = PBXSourcesBuildPhase;
			buildActionMask = 2147483647;
			files = (
				91663B1C25354EE500B3ADD0 /* TopListTests.swift in Sources */,
			);
			runOnlyForDeploymentPostprocessing = 0;
		};
/* End PBXSourcesBuildPhase section */

/* Begin PBXTargetDependency section */
		91663B1925354EE500B3ADD0 /* PBXTargetDependency */ = {
			isa = PBXTargetDependency;
			target = 91663B0025354EE300B3ADD0 /* TopList */;
			targetProxy = 91663B1825354EE500B3ADD0 /* PBXContainerItemProxy */;
		};
/* End PBXTargetDependency section */

/* Begin PBXVariantGroup section */
		91663B0F25354EE500B3ADD0 /* LaunchScreen.storyboard */ = {
			isa = PBXVariantGroup;
			children = (
				91663B1025354EE500B3ADD0 /* Base */,
			);
			name = LaunchScreen.storyboard;
			sourceTree = "<group>";
		};
/* End PBXVariantGroup section */

/* Begin XCBuildConfiguration section */
		91663B1E25354EE500B3ADD0 /* Debug */ = {
			isa = XCBuildConfiguration;
			buildSettings = {
				ALWAYS_SEARCH_USER_PATHS = NO;
				CLANG_ANALYZER_NONNULL = YES;
				CLANG_ANALYZER_NUMBER_OBJECT_CONVERSION = YES_AGGRESSIVE;
				CLANG_CXX_LANGUAGE_STANDARD = "gnu++14";
				CLANG_CXX_LIBRARY = "libc++";
				CLANG_ENABLE_MODULES = YES;
				CLANG_ENABLE_OBJC_ARC = YES;
				CLANG_ENABLE_OBJC_WEAK = YES;
				CLANG_WARN_BLOCK_CAPTURE_AUTORELEASING = YES;
				CLANG_WARN_BOOL_CONVERSION = YES;
				CLANG_WARN_COMMA = YES;
				CLANG_WARN_CONSTANT_CONVERSION = YES;
				CLANG_WARN_DEPRECATED_OBJC_IMPLEMENTATIONS = YES;
				CLANG_WARN_DIRECT_OBJC_ISA_USAGE = YES_ERROR;
				CLANG_WARN_DOCUMENTATION_COMMENTS = YES;
				CLANG_WARN_EMPTY_BODY = YES;
				CLANG_WARN_ENUM_CONVERSION = YES;
				CLANG_WARN_INFINITE_RECURSION = YES;
				CLANG_WARN_INT_CONVERSION = YES;
				CLANG_WARN_NON_LITERAL_NULL_CONVERSION = YES;
				CLANG_WARN_OBJC_IMPLICIT_RETAIN_SELF = YES;
				CLANG_WARN_OBJC_LITERAL_CONVERSION = YES;
				CLANG_WARN_OBJC_ROOT_CLASS = YES_ERROR;
				CLANG_WARN_RANGE_LOOP_ANALYSIS = YES;
				CLANG_WARN_STRICT_PROTOTYPES = YES;
				CLANG_WARN_SUSPICIOUS_MOVE = YES;
				CLANG_WARN_UNGUARDED_AVAILABILITY = YES_AGGRESSIVE;
				CLANG_WARN_UNREACHABLE_CODE = YES;
				CLANG_WARN__DUPLICATE_METHOD_MATCH = YES;
				COPY_PHASE_STRIP = NO;
				DEBUG_INFORMATION_FORMAT = dwarf;
				ENABLE_STRICT_OBJC_MSGSEND = YES;
				ENABLE_TESTABILITY = YES;
				GCC_C_LANGUAGE_STANDARD = gnu11;
				GCC_DYNAMIC_NO_PIC = NO;
				GCC_NO_COMMON_BLOCKS = YES;
				GCC_OPTIMIZATION_LEVEL = 0;
				GCC_PREPROCESSOR_DEFINITIONS = (
					"DEBUG=1",
					"$(inherited)",
				);
				GCC_WARN_64_TO_32_BIT_CONVERSION = YES;
				GCC_WARN_ABOUT_RETURN_TYPE = YES_ERROR;
				GCC_WARN_UNDECLARED_SELECTOR = YES;
				GCC_WARN_UNINITIALIZED_AUTOS = YES_AGGRESSIVE;
				GCC_WARN_UNUSED_FUNCTION = YES;
				GCC_WARN_UNUSED_VARIABLE = YES;
				IPHONEOS_DEPLOYMENT_TARGET = 13.5;
				MTL_ENABLE_DEBUG_INFO = INCLUDE_SOURCE;
				MTL_FAST_MATH = YES;
				ONLY_ACTIVE_ARCH = YES;
				SDKROOT = iphoneos;
				SWIFT_ACTIVE_COMPILATION_CONDITIONS = DEBUG;
				SWIFT_OPTIMIZATION_LEVEL = "-Onone";
			};
			name = Debug;
		};
		91663B1F25354EE500B3ADD0 /* Release */ = {
			isa = XCBuildConfiguration;
			buildSettings = {
				ALWAYS_SEARCH_USER_PATHS = NO;
				CLANG_ANALYZER_NONNULL = YES;
				CLANG_ANALYZER_NUMBER_OBJECT_CONVERSION = YES_AGGRESSIVE;
				CLANG_CXX_LANGUAGE_STANDARD = "gnu++14";
				CLANG_CXX_LIBRARY = "libc++";
				CLANG_ENABLE_MODULES = YES;
				CLANG_ENABLE_OBJC_ARC = YES;
				CLANG_ENABLE_OBJC_WEAK = YES;
				CLANG_WARN_BLOCK_CAPTURE_AUTORELEASING = YES;
				CLANG_WARN_BOOL_CONVERSION = YES;
				CLANG_WARN_COMMA = YES;
				CLANG_WARN_CONSTANT_CONVERSION = YES;
				CLANG_WARN_DEPRECATED_OBJC_IMPLEMENTATIONS = YES;
				CLANG_WARN_DIRECT_OBJC_ISA_USAGE = YES_ERROR;
				CLANG_WARN_DOCUMENTATION_COMMENTS = YES;
				CLANG_WARN_EMPTY_BODY = YES;
				CLANG_WARN_ENUM_CONVERSION = YES;
				CLANG_WARN_INFINITE_RECURSION = YES;
				CLANG_WARN_INT_CONVERSION = YES;
				CLANG_WARN_NON_LITERAL_NULL_CONVERSION = YES;
				CLANG_WARN_OBJC_IMPLICIT_RETAIN_SELF = YES;
				CLANG_WARN_OBJC_LITERAL_CONVERSION = YES;
				CLANG_WARN_OBJC_ROOT_CLASS = YES_ERROR;
				CLANG_WARN_RANGE_LOOP_ANALYSIS = YES;
				CLANG_WARN_STRICT_PROTOTYPES = YES;
				CLANG_WARN_SUSPICIOUS_MOVE = YES;
				CLANG_WARN_UNGUARDED_AVAILABILITY = YES_AGGRESSIVE;
				CLANG_WARN_UNREACHABLE_CODE = YES;
				CLANG_WARN__DUPLICATE_METHOD_MATCH = YES;
				COPY_PHASE_STRIP = NO;
				DEBUG_INFORMATION_FORMAT = "dwarf-with-dsym";
				ENABLE_NS_ASSERTIONS = NO;
				ENABLE_STRICT_OBJC_MSGSEND = YES;
				GCC_C_LANGUAGE_STANDARD = gnu11;
				GCC_NO_COMMON_BLOCKS = YES;
				GCC_WARN_64_TO_32_BIT_CONVERSION = YES;
				GCC_WARN_ABOUT_RETURN_TYPE = YES_ERROR;
				GCC_WARN_UNDECLARED_SELECTOR = YES;
				GCC_WARN_UNINITIALIZED_AUTOS = YES_AGGRESSIVE;
				GCC_WARN_UNUSED_FUNCTION = YES;
				GCC_WARN_UNUSED_VARIABLE = YES;
				IPHONEOS_DEPLOYMENT_TARGET = 13.5;
				MTL_ENABLE_DEBUG_INFO = NO;
				MTL_FAST_MATH = YES;
				SDKROOT = iphoneos;
				SWIFT_COMPILATION_MODE = wholemodule;
				SWIFT_OPTIMIZATION_LEVEL = "-O";
				VALIDATE_PRODUCT = YES;
			};
			name = Release;
		};
		91663B2125354EE500B3ADD0 /* Debug */ = {
			isa = XCBuildConfiguration;
			baseConfigurationReference = FA992921000F8FDEDA118D8C /* Pods-TopList.debug.xcconfig */;
			buildSettings = {
				ASSETCATALOG_COMPILER_APPICON_NAME = AppIcon;
				CODE_SIGN_STYLE = Automatic;
				DEVELOPMENT_TEAM = AB6KKGZLC6;
				INFOPLIST_FILE = TopList/Info.plist;
				LD_RUNPATH_SEARCH_PATHS = (
					"$(inherited)",
					"@executable_path/Frameworks",
				);
				PRODUCT_BUNDLE_IDENTIFIER = com.xxx.TopList;
				PRODUCT_NAME = "$(TARGET_NAME)";
				SWIFT_VERSION = 5.0;
				TARGETED_DEVICE_FAMILY = "1,2";
			};
			name = Debug;
		};
		91663B2225354EE500B3ADD0 /* Release */ = {
			isa = XCBuildConfiguration;
			baseConfigurationReference = 0A0179F47D52FCCD80A6ECFC /* Pods-TopList.release.xcconfig */;
			buildSettings = {
				ASSETCATALOG_COMPILER_APPICON_NAME = AppIcon;
				CODE_SIGN_STYLE = Automatic;
				DEVELOPMENT_TEAM = AB6KKGZLC6;
				INFOPLIST_FILE = TopList/Info.plist;
				LD_RUNPATH_SEARCH_PATHS = (
					"$(inherited)",
					"@executable_path/Frameworks",
				);
				PRODUCT_BUNDLE_IDENTIFIER = com.xxx.TopList;
				PRODUCT_NAME = "$(TARGET_NAME)";
				SWIFT_VERSION = 5.0;
				TARGETED_DEVICE_FAMILY = "1,2";
			};
			name = Release;
		};
		91663B2425354EE500B3ADD0 /* Debug */ = {
			isa = XCBuildConfiguration;
			buildSettings = {
				ALWAYS_EMBED_SWIFT_STANDARD_LIBRARIES = YES;
				BUNDLE_LOADER = "$(TEST_HOST)";
				CODE_SIGN_STYLE = Automatic;
				DEVELOPMENT_TEAM = AB6KKGZLC6;
				INFOPLIST_FILE = TopListTests/Info.plist;
				IPHONEOS_DEPLOYMENT_TARGET = 13.5;
				LD_RUNPATH_SEARCH_PATHS = (
					"$(inherited)",
					"@executable_path/Frameworks",
					"@loader_path/Frameworks",
				);
				PRODUCT_BUNDLE_IDENTIFIER = com.xxx.TopListTests;
				PRODUCT_NAME = "$(TARGET_NAME)";
				SWIFT_VERSION = 5.0;
				TARGETED_DEVICE_FAMILY = "1,2";
				TEST_HOST = "$(BUILT_PRODUCTS_DIR)/TopList.app/TopList";
			};
			name = Debug;
		};
		91663B2525354EE500B3ADD0 /* Release */ = {
			isa = XCBuildConfiguration;
			buildSettings = {
				ALWAYS_EMBED_SWIFT_STANDARD_LIBRARIES = YES;
				BUNDLE_LOADER = "$(TEST_HOST)";
				CODE_SIGN_STYLE = Automatic;
				DEVELOPMENT_TEAM = AB6KKGZLC6;
				INFOPLIST_FILE = TopListTests/Info.plist;
				IPHONEOS_DEPLOYMENT_TARGET = 13.5;
				LD_RUNPATH_SEARCH_PATHS = (
					"$(inherited)",
					"@executable_path/Frameworks",
					"@loader_path/Frameworks",
				);
				PRODUCT_BUNDLE_IDENTIFIER = com.xxx.TopListTests;
				PRODUCT_NAME = "$(TARGET_NAME)";
				SWIFT_VERSION = 5.0;
				TARGETED_DEVICE_FAMILY = "1,2";
				TEST_HOST = "$(BUILT_PRODUCTS_DIR)/TopList.app/TopList";
			};
			name = Release;
		};
/* End XCBuildConfiguration section */

/* Begin XCConfigurationList section */
		91663AFC25354EE300B3ADD0 /* Build configuration list for PBXProject "TopList" */ = {
			isa = XCConfigurationList;
			buildConfigurations = (
				91663B1E25354EE500B3ADD0 /* Debug */,
				91663B1F25354EE500B3ADD0 /* Release */,
			);
			defaultConfigurationIsVisible = 0;
			defaultConfigurationName = Release;
		};
		91663B2025354EE500B3ADD0 /* Build configuration list for PBXNativeTarget "TopList" */ = {
			isa = XCConfigurationList;
			buildConfigurations = (
				91663B2125354EE500B3ADD0 /* Debug */,
				91663B2225354EE500B3ADD0 /* Release */,
			);
			defaultConfigurationIsVisible = 0;
			defaultConfigurationName = Release;
		};
		91663B2325354EE500B3ADD0 /* Build configuration list for PBXNativeTarget "TopListTests" */ = {
			isa = XCConfigurationList;
			buildConfigurations = (
				91663B2425354EE500B3ADD0 /* Debug */,
				91663B2525354EE500B3ADD0 /* Release */,
			);
			defaultConfigurationIsVisible = 0;
			defaultConfigurationName = Release;
		};
/* End XCConfigurationList section */
	};
	rootObject = 91663AF925354EE300B3ADD0 /* Project object */;
}
